PODS:
  - SQLite.swift (0.10.1)
  - SwiftHEXColors (1.0.4)
  - SwiftyBeaver (0.5.1)

DEPENDENCIES:
  - SQLite.swift
  - SwiftHEXColors
  - SwiftyBeaver

SPEC CHECKSUMS:
  SQLite.swift: 6a6e4b034efc317ce4e203b6af2d3024fee2b570
  SwiftHEXColors: b0ecc7bd83a1aa2e1956f9ba51f55ebb2bcf86ef
  SwiftyBeaver: 35438d71982a8d569be3d8b79332e2fd17991cbf

PODFILE CHECKSUM: 4a158287d5cf048fa383b4e638bff0508dbfc6a1

COCOAPODS: 1.0.1
