PODS:
  - SQLite.swift (0.10.1)
  - SwiftyBeaver (0.5.1)

DEPENDENCIES:
  - SQLite.swift
  - SwiftyBeaver

SPEC CHECKSUMS:
  SQLite.swift: 6a6e4b034efc317ce4e203b6af2d3024fee2b570
  SwiftyBeaver: 35438d71982a8d569be3d8b79332e2fd17991cbf

PODFILE CHECKSUM: e1de83a82e8e34090bf4124fe60b47e544bdd7f6

COCOAPODS: 1.0.1
