// !$*UTF8*$!
{
	archiveVersion = 1;
	classes = {
	};
	objectVersion = 46;
	objects = {

/* Begin PBXBuildFile section */
		9688CEA41D475E32001AF6C0 /* AppDelegate.swift in Sources */ = {isa = PBXBuildFile; fileRef = 9688CE801D475E32001AF6C0 /* AppDelegate.swift */; };
		9688CEA51D475E32001AF6C0 /* Assets.xcassets in Resources */ = {isa = PBXBuildFile; fileRef = 9688CE811D475E32001AF6C0 /* Assets.xcassets */; };
		9688CEA61D475E32001AF6C0 /* LaunchScreen.storyboard in Resources */ = {isa = PBXBuildFile; fileRef = 9688CE821D475E32001AF6C0 /* LaunchScreen.storyboard */; };
		9688CEA71D475E32001AF6C0 /* Main.storyboard in Resources */ = {isa = PBXBuildFile; fileRef = 9688CE841D475E32001AF6C0 /* Main.storyboard */; };
		9688CEA81D475E32001AF6C0 /* DateExtension.swift in Sources */ = {isa = PBXBuildFile; fileRef = 9688CE881D475E32001AF6C0 /* DateExtension.swift */; };
		9688CEA91D475E32001AF6C0 /* IntExtension.swift in Sources */ = {isa = PBXBuildFile; fileRef = 9688CE891D475E32001AF6C0 /* IntExtension.swift */; };
		9688CEAA1D475E32001AF6C0 /* StringExtension.swift in Sources */ = {isa = PBXBuildFile; fileRef = 9688CE8A1D475E32001AF6C0 /* StringExtension.swift */; };
		9688CEAB1D475E32001AF6C0 /* UIColorExtension.swift in Sources */ = {isa = PBXBuildFile; fileRef = 9688CE8B1D475E32001AF6C0 /* UIColorExtension.swift */; };
		9688CEAC1D475E32001AF6C0 /* UIViewExtension.swift in Sources */ = {isa = PBXBuildFile; fileRef = 9688CE8C1D475E32001AF6C0 /* UIViewExtension.swift */; };
		9688CEAD1D475E32001AF6C0 /* Log.swift in Sources */ = {isa = PBXBuildFile; fileRef = 9688CE8E1D475E32001AF6C0 /* Log.swift */; };
		9688CEAE1D475E32001AF6C0 /* DailyRecord.swift in Sources */ = {isa = PBXBuildFile; fileRef = 9688CE901D475E32001AF6C0 /* DailyRecord.swift */; };
		9688CEAF1D475E32001AF6C0 /* Mood.swift in Sources */ = {isa = PBXBuildFile; fileRef = 9688CE911D475E32001AF6C0 /* Mood.swift */; };
		9688CEB01D475E32001AF6C0 /* RecordModel.swift in Sources */ = {isa = PBXBuildFile; fileRef = 9688CE921D475E32001AF6C0 /* RecordModel.swift */; };
		9688CEB11D475E32001AF6C0 /* DatabaseTool.swift in Sources */ = {isa = PBXBuildFile; fileRef = 9688CE941D475E32001AF6C0 /* DatabaseTool.swift */; };
		9688CEB21D475E32001AF6C0 /* DateTool.swift in Sources */ = {isa = PBXBuildFile; fileRef = 9688CE951D475E32001AF6C0 /* DateTool.swift */; };
		9688CEB31D475E32001AF6C0 /* FilePathTool.swift in Sources */ = {isa = PBXBuildFile; fileRef = 9688CE961D475E32001AF6C0 /* FilePathTool.swift */; };
		9688CEB41D475E32001AF6C0 /* RecordTool.swift in Sources */ = {isa = PBXBuildFile; fileRef = 9688CE971D475E32001AF6C0 /* RecordTool.swift */; };
		9688CEB51D475E32001AF6C0 /* ViewRecordTool.swift in Sources */ = {isa = PBXBuildFile; fileRef = 9688CE981D475E32001AF6C0 /* ViewRecordTool.swift */; };
		9688CEB61D475E32001AF6C0 /* BorderView.swift in Sources */ = {isa = PBXBuildFile; fileRef = 9688CE9A1D475E32001AF6C0 /* BorderView.swift */; };
		9688CEB71D475E32001AF6C0 /* CalenderView.swift in Sources */ = {isa = PBXBuildFile; fileRef = 9688CE9B1D475E32001AF6C0 /* CalenderView.swift */; };
		9688CEB81D475E32001AF6C0 /* RecordButton.swift in Sources */ = {isa = PBXBuildFile; fileRef = 9688CE9C1D475E32001AF6C0 /* RecordButton.swift */; };
		9688CEBA1D475E32001AF6C0 /* HistoryTransitionController.swift in Sources */ = {isa = PBXBuildFile; fileRef = 9688CEA01D475E32001AF6C0 /* HistoryTransitionController.swift */; };
		9688CEBB1D475E32001AF6C0 /* HistoryViewController.swift in Sources */ = {isa = PBXBuildFile; fileRef = 9688CEA11D475E32001AF6C0 /* HistoryViewController.swift */; };
		9688CEBC1D475E32001AF6C0 /* MainViewController.swift in Sources */ = {isa = PBXBuildFile; fileRef = 9688CEA31D475E32001AF6C0 /* MainViewController.swift */; };
		9688CEBE1D478121001AF6C0 /* Macro.swift in Sources */ = {isa = PBXBuildFile; fileRef = 9688CEBD1D478121001AF6C0 /* Macro.swift */; };
		9688CEC01D479420001AF6C0 /* UIConstraintExtension.swift in Sources */ = {isa = PBXBuildFile; fileRef = 9688CEBF1D479420001AF6C0 /* UIConstraintExtension.swift */; };
		9688CEC31D488994001AF6C0 /* WithCalendarViewController.swift in Sources */ = {isa = PBXBuildFile; fileRef = 9688CEC21D488994001AF6C0 /* WithCalendarViewController.swift */; };
		B26B60A975C9D5DE05234C53 /* Pods_MrVoice.framework in Frameworks */ = {isa = PBXBuildFile; fileRef = D9E328CEDDFDBD468ED0F879 /* Pods_MrVoice.framework */; };
/* End PBXBuildFile section */

/* Begin PBXFileReference section */
		0B07399BA037FD0C748958B1 /* Pods_VoiceDiary.framework */ = {isa = PBXFileReference; explicitFileType = wrapper.framework; includeInIndex = 0; path = Pods_VoiceDiary.framework; sourceTree = BUILT_PRODUCTS_DIR; };
		91D6C8B96EA9483028B94489 /* Pods-MrVoice.release.xcconfig */ = {isa = PBXFileReference; includeInIndex = 1; lastKnownFileType = text.xcconfig; name = "Pods-MrVoice.release.xcconfig"; path = "Pods/Target Support Files/Pods-MrVoice/Pods-MrVoice.release.xcconfig"; sourceTree = "<group>"; };
		9688CE801D475E32001AF6C0 /* AppDelegate.swift */ = {isa = PBXFileReference; fileEncoding = 4; lastKnownFileType = sourcecode.swift; path = AppDelegate.swift; sourceTree = "<group>"; };
		9688CE811D475E32001AF6C0 /* Assets.xcassets */ = {isa = PBXFileReference; lastKnownFileType = folder.assetcatalog; path = Assets.xcassets; sourceTree = "<group>"; };
		9688CE831D475E32001AF6C0 /* Base */ = {isa = PBXFileReference; lastKnownFileType = file.storyboard; name = Base; path = Base.lproj/LaunchScreen.storyboard; sourceTree = "<group>"; };
		9688CE851D475E32001AF6C0 /* Base */ = {isa = PBXFileReference; lastKnownFileType = file.storyboard; name = Base; path = Base.lproj/Main.storyboard; sourceTree = "<group>"; };
		9688CE881D475E32001AF6C0 /* DateExtension.swift */ = {isa = PBXFileReference; fileEncoding = 4; lastKnownFileType = sourcecode.swift; path = DateExtension.swift; sourceTree = "<group>"; };
		9688CE891D475E32001AF6C0 /* IntExtension.swift */ = {isa = PBXFileReference; fileEncoding = 4; lastKnownFileType = sourcecode.swift; path = IntExtension.swift; sourceTree = "<group>"; };
		9688CE8A1D475E32001AF6C0 /* StringExtension.swift */ = {isa = PBXFileReference; fileEncoding = 4; lastKnownFileType = sourcecode.swift; path = StringExtension.swift; sourceTree = "<group>"; };
		9688CE8B1D475E32001AF6C0 /* UIColorExtension.swift */ = {isa = PBXFileReference; fileEncoding = 4; lastKnownFileType = sourcecode.swift; path = UIColorExtension.swift; sourceTree = "<group>"; };
		9688CE8C1D475E32001AF6C0 /* UIViewExtension.swift */ = {isa = PBXFileReference; fileEncoding = 4; lastKnownFileType = sourcecode.swift; path = UIViewExtension.swift; sourceTree = "<group>"; };
		9688CE8E1D475E32001AF6C0 /* Log.swift */ = {isa = PBXFileReference; fileEncoding = 4; lastKnownFileType = sourcecode.swift; path = Log.swift; sourceTree = "<group>"; };
		9688CE901D475E32001AF6C0 /* DailyRecord.swift */ = {isa = PBXFileReference; fileEncoding = 4; lastKnownFileType = sourcecode.swift; path = DailyRecord.swift; sourceTree = "<group>"; };
		9688CE911D475E32001AF6C0 /* Mood.swift */ = {isa = PBXFileReference; fileEncoding = 4; lastKnownFileType = sourcecode.swift; path = Mood.swift; sourceTree = "<group>"; };
		9688CE921D475E32001AF6C0 /* RecordModel.swift */ = {isa = PBXFileReference; fileEncoding = 4; lastKnownFileType = sourcecode.swift; path = RecordModel.swift; sourceTree = "<group>"; };
		9688CE941D475E32001AF6C0 /* DatabaseTool.swift */ = {isa = PBXFileReference; fileEncoding = 4; lastKnownFileType = sourcecode.swift; path = DatabaseTool.swift; sourceTree = "<group>"; };
		9688CE951D475E32001AF6C0 /* DateTool.swift */ = {isa = PBXFileReference; fileEncoding = 4; lastKnownFileType = sourcecode.swift; path = DateTool.swift; sourceTree = "<group>"; };
		9688CE961D475E32001AF6C0 /* FilePathTool.swift */ = {isa = PBXFileReference; fileEncoding = 4; lastKnownFileType = sourcecode.swift; path = FilePathTool.swift; sourceTree = "<group>"; };
		9688CE971D475E32001AF6C0 /* RecordTool.swift */ = {isa = PBXFileReference; fileEncoding = 4; lastKnownFileType = sourcecode.swift; path = RecordTool.swift; sourceTree = "<group>"; };
		9688CE981D475E32001AF6C0 /* ViewRecordTool.swift */ = {isa = PBXFileReference; fileEncoding = 4; lastKnownFileType = sourcecode.swift; path = ViewRecordTool.swift; sourceTree = "<group>"; };
		9688CE9A1D475E32001AF6C0 /* BorderView.swift */ = {isa = PBXFileReference; fileEncoding = 4; lastKnownFileType = sourcecode.swift; path = BorderView.swift; sourceTree = "<group>"; };
		9688CE9B1D475E32001AF6C0 /* CalenderView.swift */ = {isa = PBXFileReference; fileEncoding = 4; lastKnownFileType = sourcecode.swift; path = CalenderView.swift; sourceTree = "<group>"; };
		9688CE9C1D475E32001AF6C0 /* RecordButton.swift */ = {isa = PBXFileReference; fileEncoding = 4; lastKnownFileType = sourcecode.swift; path = RecordButton.swift; sourceTree = "<group>"; };
		9688CE9D1D475E32001AF6C0 /* Info.plist */ = {isa = PBXFileReference; fileEncoding = 4; lastKnownFileType = text.plist.xml; path = Info.plist; sourceTree = "<group>"; };
		9688CEA01D475E32001AF6C0 /* HistoryTransitionController.swift */ = {isa = PBXFileReference; fileEncoding = 4; lastKnownFileType = sourcecode.swift; path = HistoryTransitionController.swift; sourceTree = "<group>"; };
		9688CEA11D475E32001AF6C0 /* HistoryViewController.swift */ = {isa = PBXFileReference; fileEncoding = 4; lastKnownFileType = sourcecode.swift; path = HistoryViewController.swift; sourceTree = "<group>"; };
		9688CEA31D475E32001AF6C0 /* MainViewController.swift */ = {isa = PBXFileReference; fileEncoding = 4; lastKnownFileType = sourcecode.swift; path = MainViewController.swift; sourceTree = "<group>"; };
		9688CEBD1D478121001AF6C0 /* Macro.swift */ = {isa = PBXFileReference; fileEncoding = 4; lastKnownFileType = sourcecode.swift; path = Macro.swift; sourceTree = "<group>"; };
		9688CEBF1D479420001AF6C0 /* UIConstraintExtension.swift */ = {isa = PBXFileReference; fileEncoding = 4; lastKnownFileType = sourcecode.swift; path = UIConstraintExtension.swift; sourceTree = "<group>"; };
		9688CEC21D488994001AF6C0 /* WithCalendarViewController.swift */ = {isa = PBXFileReference; fileEncoding = 4; lastKnownFileType = sourcecode.swift; path = WithCalendarViewController.swift; sourceTree = "<group>"; };
		97FE544F589D7F987FD8FADE /* Pods-VoiceDiary.debug.xcconfig */ = {isa = PBXFileReference; includeInIndex = 1; lastKnownFileType = text.xcconfig; name = "Pods-VoiceDiary.debug.xcconfig"; path = "Pods/Target Support Files/Pods-VoiceDiary/Pods-VoiceDiary.debug.xcconfig"; sourceTree = "<group>"; };
		A096DCEF1D07F1630023CB0C /* Mr Voice.app */ = {isa = PBXFileReference; explicitFileType = wrapper.application; includeInIndex = 0; path = "Mr Voice.app"; sourceTree = BUILT_PRODUCTS_DIR; };
		D5E4760629628DF3DD8BA77C /* Pods-VoiceDiary.release.xcconfig */ = {isa = PBXFileReference; includeInIndex = 1; lastKnownFileType = text.xcconfig; name = "Pods-VoiceDiary.release.xcconfig"; path = "Pods/Target Support Files/Pods-VoiceDiary/Pods-VoiceDiary.release.xcconfig"; sourceTree = "<group>"; };
		D9E328CEDDFDBD468ED0F879 /* Pods_MrVoice.framework */ = {isa = PBXFileReference; explicitFileType = wrapper.framework; includeInIndex = 0; path = Pods_MrVoice.framework; sourceTree = BUILT_PRODUCTS_DIR; };
		F7A5C373FD22A533B250C0EC /* Pods-MrVoice.debug.xcconfig */ = {isa = PBXFileReference; includeInIndex = 1; lastKnownFileType = text.xcconfig; name = "Pods-MrVoice.debug.xcconfig"; path = "Pods/Target Support Files/Pods-MrVoice/Pods-MrVoice.debug.xcconfig"; sourceTree = "<group>"; };
/* End PBXFileReference section */

/* Begin PBXFrameworksBuildPhase section */
		A096DCEC1D07F1630023CB0C /* Frameworks */ = {
			isa = PBXFrameworksBuildPhase;
			buildActionMask = 2147483647;
			files = (
				B26B60A975C9D5DE05234C53 /* Pods_MrVoice.framework in Frameworks */,
			);
			runOnlyForDeploymentPostprocessing = 0;
		};
/* End PBXFrameworksBuildPhase section */

/* Begin PBXGroup section */
		0767EFC579BEC1309D8F32A8 /* Pods */ = {
			isa = PBXGroup;
			children = (
				97FE544F589D7F987FD8FADE /* Pods-VoiceDiary.debug.xcconfig */,
				D5E4760629628DF3DD8BA77C /* Pods-VoiceDiary.release.xcconfig */,
				F7A5C373FD22A533B250C0EC /* Pods-MrVoice.debug.xcconfig */,
				91D6C8B96EA9483028B94489 /* Pods-MrVoice.release.xcconfig */,
			);
			name = Pods;
			sourceTree = "<group>";
		};
		9688CE7F1D475E32001AF6C0 /* MrVoice */ = {
			isa = PBXGroup;
			children = (
				9688CE801D475E32001AF6C0 /* AppDelegate.swift */,
				9688CE841D475E32001AF6C0 /* Main.storyboard */,
				9688CE861D475E32001AF6C0 /* General */,
				9688CE9E1D475E32001AF6C0 /* Section */,
				9688CE9D1D475E32001AF6C0 /* Info.plist */,
				9688CE811D475E32001AF6C0 /* Assets.xcassets */,
				9688CE821D475E32001AF6C0 /* LaunchScreen.storyboard */,
			);
			path = MrVoice;
			sourceTree = "<group>";
		};
		9688CE861D475E32001AF6C0 /* General */ = {
			isa = PBXGroup;
			children = (
				9688CE8D1D475E32001AF6C0 /* Macro */,
				9688CE871D475E32001AF6C0 /* Extension */,
				9688CE8F1D475E32001AF6C0 /* Model */,
				9688CE931D475E32001AF6C0 /* Tool */,
				9688CE991D475E32001AF6C0 /* View */,
				9688CEC11D488979001AF6C0 /* Protocol */,
			);
			path = General;
			sourceTree = "<group>";
		};
		9688CE871D475E32001AF6C0 /* Extension */ = {
			isa = PBXGroup;
			children = (
				9688CE881D475E32001AF6C0 /* DateExtension.swift */,
				9688CE891D475E32001AF6C0 /* IntExtension.swift */,
				9688CE8A1D475E32001AF6C0 /* StringExtension.swift */,
				9688CE8B1D475E32001AF6C0 /* UIColorExtension.swift */,
				9688CE8C1D475E32001AF6C0 /* UIViewExtension.swift */,
				9688CEBF1D479420001AF6C0 /* UIConstraintExtension.swift */,
			);
			path = Extension;
			sourceTree = "<group>";
		};
		9688CE8D1D475E32001AF6C0 /* Macro */ = {
			isa = PBXGroup;
			children = (
				9688CE8E1D475E32001AF6C0 /* Log.swift */,
				9688CEBD1D478121001AF6C0 /* Macro.swift */,
			);
			path = Macro;
			sourceTree = "<group>";
		};
		9688CE8F1D475E32001AF6C0 /* Model */ = {
			isa = PBXGroup;
			children = (
				9688CE901D475E32001AF6C0 /* DailyRecord.swift */,
				9688CE911D475E32001AF6C0 /* Mood.swift */,
				9688CE921D475E32001AF6C0 /* RecordModel.swift */,
			);
			path = Model;
			sourceTree = "<group>";
		};
		9688CE931D475E32001AF6C0 /* Tool */ = {
			isa = PBXGroup;
			children = (
				9688CE941D475E32001AF6C0 /* DatabaseTool.swift */,
				9688CE951D475E32001AF6C0 /* DateTool.swift */,
				9688CE961D475E32001AF6C0 /* FilePathTool.swift */,
				9688CE971D475E32001AF6C0 /* RecordTool.swift */,
				9688CE981D475E32001AF6C0 /* ViewRecordTool.swift */,
			);
			path = Tool;
			sourceTree = "<group>";
		};
		9688CE991D475E32001AF6C0 /* View */ = {
			isa = PBXGroup;
			children = (
				9688CE9A1D475E32001AF6C0 /* BorderView.swift */,
				9688CE9B1D475E32001AF6C0 /* CalenderView.swift */,
				9688CE9C1D475E32001AF6C0 /* RecordButton.swift */,
			);
			path = View;
			sourceTree = "<group>";
		};
		9688CE9E1D475E32001AF6C0 /* Section */ = {
			isa = PBXGroup;
			children = (
				9688CE9F1D475E32001AF6C0 /* History */,
				9688CEA21D475E32001AF6C0 /* Main */,
			);
			path = Section;
			sourceTree = "<group>";
		};
		9688CE9F1D475E32001AF6C0 /* History */ = {
			isa = PBXGroup;
			children = (
				9688CEA01D475E32001AF6C0 /* HistoryTransitionController.swift */,
				9688CEA11D475E32001AF6C0 /* HistoryViewController.swift */,
			);
			path = History;
			sourceTree = "<group>";
		};
		9688CEA21D475E32001AF6C0 /* Main */ = {
			isa = PBXGroup;
			children = (
				9688CEA31D475E32001AF6C0 /* MainViewController.swift */,
			);
			path = Main;
			sourceTree = "<group>";
		};
		9688CEC11D488979001AF6C0 /* Protocol */ = {
			isa = PBXGroup;
			children = (
				9688CEC21D488994001AF6C0 /* WithCalendarViewController.swift */,
			);
			path = Protocol;
			sourceTree = "<group>";
		};
		A096DCE61D07F1630023CB0C = {
			isa = PBXGroup;
			children = (
				9688CE7F1D475E32001AF6C0 /* MrVoice */,
				A096DCF01D07F1630023CB0C /* Products */,
				0767EFC579BEC1309D8F32A8 /* Pods */,
				D58D14F11505131423036BF3 /* Frameworks */,
			);
			sourceTree = "<group>";
		};
		A096DCF01D07F1630023CB0C /* Products */ = {
			isa = PBXGroup;
			children = (
				A096DCEF1D07F1630023CB0C /* Mr Voice.app */,
			);
			name = Products;
			sourceTree = "<group>";
		};
		D58D14F11505131423036BF3 /* Frameworks */ = {
			isa = PBXGroup;
			children = (
				0B07399BA037FD0C748958B1 /* Pods_VoiceDiary.framework */,
				D9E328CEDDFDBD468ED0F879 /* Pods_MrVoice.framework */,
			);
			name = Frameworks;
			sourceTree = "<group>";
		};
/* End PBXGroup section */

/* Begin PBXNativeTarget section */
		A096DCEE1D07F1630023CB0C /* MrVoice */ = {
			isa = PBXNativeTarget;
			buildConfigurationList = A096DD011D07F1630023CB0C /* Build configuration list for PBXNativeTarget "MrVoice" */;
			buildPhases = (
				B22F9D2ECD12D8472E55AA29 /* [CP] Check Pods Manifest.lock */,
				A096DCEB1D07F1630023CB0C /* Sources */,
				A096DCEC1D07F1630023CB0C /* Frameworks */,
				A096DCED1D07F1630023CB0C /* Resources */,
				1C7B6FC125BA00BBF61A0B85 /* [CP] Embed Pods Frameworks */,
				AF5C3A9F0C036710FC252F3E /* [CP] Copy Pods Resources */,
			);
			buildRules = (
			);
			dependencies = (
			);
			name = MrVoice;
			productName = VoiceDiary;
			productReference = A096DCEF1D07F1630023CB0C /* Mr Voice.app */;
			productType = "com.apple.product-type.application";
		};
/* End PBXNativeTarget section */

/* Begin PBXProject section */
		A096DCE71D07F1630023CB0C /* Project object */ = {
			isa = PBXProject;
			attributes = {
				LastSwiftUpdateCheck = 0730;
				LastUpgradeCheck = 0730;
				ORGANIZATIONNAME = Lemur;
				TargetAttributes = {
					A096DCEE1D07F1630023CB0C = {
						CreatedOnToolsVersion = 7.3;
					};
				};
			};
			buildConfigurationList = A096DCEA1D07F1630023CB0C /* Build configuration list for PBXProject "MrVoice" */;
			compatibilityVersion = "Xcode 3.2";
			developmentRegion = English;
			hasScannedForEncodings = 0;
			knownRegions = (
				en,
				Base,
			);
			mainGroup = A096DCE61D07F1630023CB0C;
			productRefGroup = A096DCF01D07F1630023CB0C /* Products */;
			projectDirPath = "";
			projectRoot = "";
			targets = (
				A096DCEE1D07F1630023CB0C /* MrVoice */,
			);
		};
/* End PBXProject section */

/* Begin PBXResourcesBuildPhase section */
		A096DCED1D07F1630023CB0C /* Resources */ = {
			isa = PBXResourcesBuildPhase;
			buildActionMask = 2147483647;
			files = (
				9688CEA51D475E32001AF6C0 /* Assets.xcassets in Resources */,
				9688CEA71D475E32001AF6C0 /* Main.storyboard in Resources */,
				9688CEA61D475E32001AF6C0 /* LaunchScreen.storyboard in Resources */,
			);
			runOnlyForDeploymentPostprocessing = 0;
		};
/* End PBXResourcesBuildPhase section */

/* Begin PBXShellScriptBuildPhase section */
		1C7B6FC125BA00BBF61A0B85 /* [CP] Embed Pods Frameworks */ = {
			isa = PBXShellScriptBuildPhase;
			buildActionMask = 2147483647;
			files = (
			);
			inputPaths = (
			);
			name = "[CP] Embed Pods Frameworks";
			outputPaths = (
			);
			runOnlyForDeploymentPostprocessing = 0;
			shellPath = /bin/sh;
			shellScript = "\"${SRCROOT}/Pods/Target Support Files/Pods-MrVoice/Pods-MrVoice-frameworks.sh\"\n";
			showEnvVarsInLog = 0;
		};
		AF5C3A9F0C036710FC252F3E /* [CP] Copy Pods Resources */ = {
			isa = PBXShellScriptBuildPhase;
			buildActionMask = 2147483647;
			files = (
			);
			inputPaths = (
			);
			name = "[CP] Copy Pods Resources";
			outputPaths = (
			);
			runOnlyForDeploymentPostprocessing = 0;
			shellPath = /bin/sh;
			shellScript = "\"${SRCROOT}/Pods/Target Support Files/Pods-MrVoice/Pods-MrVoice-resources.sh\"\n";
			showEnvVarsInLog = 0;
		};
		B22F9D2ECD12D8472E55AA29 /* [CP] Check Pods Manifest.lock */ = {
			isa = PBXShellScriptBuildPhase;
			buildActionMask = 2147483647;
			files = (
			);
			inputPaths = (
			);
			name = "[CP] Check Pods Manifest.lock";
			outputPaths = (
			);
			runOnlyForDeploymentPostprocessing = 0;
			shellPath = /bin/sh;
			shellScript = "diff \"${PODS_ROOT}/../Podfile.lock\" \"${PODS_ROOT}/Manifest.lock\" > /dev/null\nif [[ $? != 0 ]] ; then\n    cat << EOM\nerror: The sandbox is not in sync with the Podfile.lock. Run 'pod install' or update your CocoaPods installation.\nEOM\n    exit 1\nfi\n";
			showEnvVarsInLog = 0;
		};
/* End PBXShellScriptBuildPhase section */

/* Begin PBXSourcesBuildPhase section */
		A096DCEB1D07F1630023CB0C /* Sources */ = {
			isa = PBXSourcesBuildPhase;
			buildActionMask = 2147483647;
			files = (
				9688CEBC1D475E32001AF6C0 /* MainViewController.swift in Sources */,
				9688CEC01D479420001AF6C0 /* UIConstraintExtension.swift in Sources */,
				9688CEAC1D475E32001AF6C0 /* UIViewExtension.swift in Sources */,
				9688CEB11D475E32001AF6C0 /* DatabaseTool.swift in Sources */,
				9688CEB81D475E32001AF6C0 /* RecordButton.swift in Sources */,
				9688CEBB1D475E32001AF6C0 /* HistoryViewController.swift in Sources */,
				9688CEAF1D475E32001AF6C0 /* Mood.swift in Sources */,
				9688CEB71D475E32001AF6C0 /* CalenderView.swift in Sources */,
				9688CEC31D488994001AF6C0 /* WithCalendarViewController.swift in Sources */,
				9688CEBA1D475E32001AF6C0 /* HistoryTransitionController.swift in Sources */,
				9688CEAD1D475E32001AF6C0 /* Log.swift in Sources */,
				9688CEB61D475E32001AF6C0 /* BorderView.swift in Sources */,
				9688CEB31D475E32001AF6C0 /* FilePathTool.swift in Sources */,
				9688CEAA1D475E32001AF6C0 /* StringExtension.swift in Sources */,
				9688CEB41D475E32001AF6C0 /* RecordTool.swift in Sources */,
				9688CEB21D475E32001AF6C0 /* DateTool.swift in Sources */,
				9688CEBE1D478121001AF6C0 /* Macro.swift in Sources */,
				9688CEA41D475E32001AF6C0 /* AppDelegate.swift in Sources */,
				9688CEAB1D475E32001AF6C0 /* UIColorExtension.swift in Sources */,
				9688CEB51D475E32001AF6C0 /* ViewRecordTool.swift in Sources */,
				9688CEA81D475E32001AF6C0 /* DateExtension.swift in Sources */,
				9688CEAE1D475E32001AF6C0 /* DailyRecord.swift in Sources */,
				9688CEB01D475E32001AF6C0 /* RecordModel.swift in Sources */,
				9688CEA91D475E32001AF6C0 /* IntExtension.swift in Sources */,
			);
			runOnlyForDeploymentPostprocessing = 0;
		};
/* End PBXSourcesBuildPhase section */

/* Begin PBXVariantGroup section */
		9688CE821D475E32001AF6C0 /* LaunchScreen.storyboard */ = {
			isa = PBXVariantGroup;
			children = (
				9688CE831D475E32001AF6C0 /* Base */,
			);
			name = LaunchScreen.storyboard;
			sourceTree = "<group>";
		};
		9688CE841D475E32001AF6C0 /* Main.storyboard */ = {
			isa = PBXVariantGroup;
			children = (
				9688CE851D475E32001AF6C0 /* Base */,
			);
			name = Main.storyboard;
			sourceTree = "<group>";
		};
/* End PBXVariantGroup section */

/* Begin XCBuildConfiguration section */
		A096DCFF1D07F1630023CB0C /* Debug */ = {
			isa = XCBuildConfiguration;
			buildSettings = {
				ALWAYS_SEARCH_USER_PATHS = NO;
				CLANG_ANALYZER_NONNULL = YES;
				CLANG_CXX_LANGUAGE_STANDARD = "gnu++0x";
				CLANG_CXX_LIBRARY = "libc++";
				CLANG_ENABLE_MODULES = YES;
				CLANG_ENABLE_OBJC_ARC = YES;
				CLANG_WARN_BOOL_CONVERSION = YES;
				CLANG_WARN_CONSTANT_CONVERSION = YES;
				CLANG_WARN_DIRECT_OBJC_ISA_USAGE = YES_ERROR;
				CLANG_WARN_EMPTY_BODY = YES;
				CLANG_WARN_ENUM_CONVERSION = YES;
				CLANG_WARN_INT_CONVERSION = YES;
				CLANG_WARN_OBJC_ROOT_CLASS = YES_ERROR;
				CLANG_WARN_UNREACHABLE_CODE = YES;
				CLANG_WARN__DUPLICATE_METHOD_MATCH = YES;
				"CODE_SIGN_IDENTITY[sdk=iphoneos*]" = "iPhone Developer";
				COPY_PHASE_STRIP = NO;
				DEBUG_INFORMATION_FORMAT = dwarf;
				ENABLE_STRICT_OBJC_MSGSEND = YES;
				ENABLE_TESTABILITY = YES;
				GCC_C_LANGUAGE_STANDARD = gnu99;
				GCC_DYNAMIC_NO_PIC = NO;
				GCC_NO_COMMON_BLOCKS = YES;
				GCC_OPTIMIZATION_LEVEL = 0;
				GCC_PREPROCESSOR_DEFINITIONS = (
					"DEBUG=1",
					"$(inherited)",
				);
				GCC_WARN_64_TO_32_BIT_CONVERSION = YES;
				GCC_WARN_ABOUT_RETURN_TYPE = YES_ERROR;
				GCC_WARN_UNDECLARED_SELECTOR = YES;
				GCC_WARN_UNINITIALIZED_AUTOS = YES_AGGRESSIVE;
				GCC_WARN_UNUSED_FUNCTION = YES;
				GCC_WARN_UNUSED_VARIABLE = YES;
				IPHONEOS_DEPLOYMENT_TARGET = 8.0;
				MTL_ENABLE_DEBUG_INFO = YES;
				ONLY_ACTIVE_ARCH = YES;
				SDKROOT = iphoneos;
				SWIFT_OPTIMIZATION_LEVEL = "-Onone";
				TARGETED_DEVICE_FAMILY = "1,2";
			};
			name = Debug;
		};
		A096DD001D07F1630023CB0C /* Release */ = {
			isa = XCBuildConfiguration;
			buildSettings = {
				ALWAYS_SEARCH_USER_PATHS = NO;
				CLANG_ANALYZER_NONNULL = YES;
				CLANG_CXX_LANGUAGE_STANDARD = "gnu++0x";
				CLANG_CXX_LIBRARY = "libc++";
				CLANG_ENABLE_MODULES = YES;
				CLANG_ENABLE_OBJC_ARC = YES;
				CLANG_WARN_BOOL_CONVERSION = YES;
				CLANG_WARN_CONSTANT_CONVERSION = YES;
				CLANG_WARN_DIRECT_OBJC_ISA_USAGE = YES_ERROR;
				CLANG_WARN_EMPTY_BODY = YES;
				CLANG_WARN_ENUM_CONVERSION = YES;
				CLANG_WARN_INT_CONVERSION = YES;
				CLANG_WARN_OBJC_ROOT_CLASS = YES_ERROR;
				CLANG_WARN_UNREACHABLE_CODE = YES;
				CLANG_WARN__DUPLICATE_METHOD_MATCH = YES;
				"CODE_SIGN_IDENTITY[sdk=iphoneos*]" = "iPhone Developer";
				COPY_PHASE_STRIP = NO;
				DEBUG_INFORMATION_FORMAT = "dwarf-with-dsym";
				ENABLE_NS_ASSERTIONS = NO;
				ENABLE_STRICT_OBJC_MSGSEND = YES;
				GCC_C_LANGUAGE_STANDARD = gnu99;
				GCC_NO_COMMON_BLOCKS = YES;
				GCC_WARN_64_TO_32_BIT_CONVERSION = YES;
				GCC_WARN_ABOUT_RETURN_TYPE = YES_ERROR;
				GCC_WARN_UNDECLARED_SELECTOR = YES;
				GCC_WARN_UNINITIALIZED_AUTOS = YES_AGGRESSIVE;
				GCC_WARN_UNUSED_FUNCTION = YES;
				GCC_WARN_UNUSED_VARIABLE = YES;
				IPHONEOS_DEPLOYMENT_TARGET = 8.0;
				MTL_ENABLE_DEBUG_INFO = NO;
				SDKROOT = iphoneos;
				TARGETED_DEVICE_FAMILY = "1,2";
				VALIDATE_PRODUCT = YES;
			};
			name = Release;
		};
		A096DD021D07F1630023CB0C /* Debug */ = {
			isa = XCBuildConfiguration;
			baseConfigurationReference = F7A5C373FD22A533B250C0EC /* Pods-MrVoice.debug.xcconfig */;
			buildSettings = {
				ASSETCATALOG_COMPILER_APPICON_NAME = AppIcon;
				CODE_SIGN_IDENTITY = "iPhone Developer";
				INFOPLIST_FILE = "$(SRCROOT)/MrVoice/Info.plist";
				LD_RUNPATH_SEARCH_PATHS = "$(inherited) @executable_path/Frameworks";
				PRODUCT_BUNDLE_IDENTIFIER = com.callmewhy.mrvoice;
				PRODUCT_NAME = "Mr Voice";
				TARGETED_DEVICE_FAMILY = 1;
			};
			name = Debug;
		};
		A096DD031D07F1630023CB0C /* Release */ = {
			isa = XCBuildConfiguration;
			baseConfigurationReference = 91D6C8B96EA9483028B94489 /* Pods-MrVoice.release.xcconfig */;
			buildSettings = {
				ASSETCATALOG_COMPILER_APPICON_NAME = AppIcon;
				CODE_SIGN_IDENTITY = "iPhone Developer";
				INFOPLIST_FILE = "$(SRCROOT)/MrVoice/Info.plist";
				LD_RUNPATH_SEARCH_PATHS = "$(inherited) @executable_path/Frameworks";
				PRODUCT_BUNDLE_IDENTIFIER = com.callmewhy.mrvoice;
				PRODUCT_NAME = "Mr Voice";
				TARGETED_DEVICE_FAMILY = 1;
			};
			name = Release;
		};
/* End XCBuildConfiguration section */

/* Begin XCConfigurationList section */
		A096DCEA1D07F1630023CB0C /* Build configuration list for PBXProject "MrVoice" */ = {
			isa = XCConfigurationList;
			buildConfigurations = (
				A096DCFF1D07F1630023CB0C /* Debug */,
				A096DD001D07F1630023CB0C /* Release */,
			);
			defaultConfigurationIsVisible = 0;
			defaultConfigurationName = Release;
		};
		A096DD011D07F1630023CB0C /* Build configuration list for PBXNativeTarget "MrVoice" */ = {
			isa = XCConfigurationList;
			buildConfigurations = (
				A096DD021D07F1630023CB0C /* Debug */,
				A096DD031D07F1630023CB0C /* Release */,
			);
			defaultConfigurationIsVisible = 0;
			defaultConfigurationName = Release;
		};
/* End XCConfigurationList section */
	};
	rootObject = A096DCE71D07F1630023CB0C /* Project object */;
}
